// !$*UTF8*$!
{
	archiveVersion = 1;
	classes = {
	};
	objectVersion = 56;
	objects = {

/* Begin PBXBuildFile section */
		98B1372B28F4CAE8000AEA8B /* ReminderAssistant_ver3_0App.swift in Sources */ = {isa = PBXBuildFile; fileRef = 98B1372A28F4CAE8000AEA8B /* ReminderAssistant_ver3_0App.swift */; };
		98B1372D28F4CAE8000AEA8B /* ContentView.swift in Sources */ = {isa = PBXBuildFile; fileRef = 98B1372C28F4CAE8000AEA8B /* ContentView.swift */; };
		98B1372F28F4CAEA000AEA8B /* Assets.xcassets in Resources */ = {isa = PBXBuildFile; fileRef = 98B1372E28F4CAEA000AEA8B /* Assets.xcassets */; };
		98B1373228F4CAEA000AEA8B /* Preview Assets.xcassets in Resources */ = {isa = PBXBuildFile; fileRef = 98B1373128F4CAEA000AEA8B /* Preview Assets.xcassets */; };
		98B1373928F4CB26000AEA8B /* Memo in Resources */ = {isa = PBXBuildFile; fileRef = 98B1373828F4CB26000AEA8B /* Memo */; };
		98B1373B28F4CB81000AEA8B /* Class_EventStore.swift in Sources */ = {isa = PBXBuildFile; fileRef = 98B1373A28F4CB81000AEA8B /* Class_EventStore.swift */; };
		98B1373D28F4CB8D000AEA8B /* Class_Regex.swift in Sources */ = {isa = PBXBuildFile; fileRef = 98B1373C28F4CB8D000AEA8B /* Class_Regex.swift */; };
/* End PBXBuildFile section */

/* Begin PBXFileReference section */
		98B1372728F4CAE8000AEA8B /* ReminderAssistant_ver3.0.app */ = {isa = PBXFileReference; explicitFileType = wrapper.application; includeInIndex = 0; path = ReminderAssistant_ver3.0.app; sourceTree = BUILT_PRODUCTS_DIR; };
		98B1372A28F4CAE8000AEA8B /* ReminderAssistant_ver3_0App.swift */ = {isa = PBXFileReference; lastKnownFileType = sourcecode.swift; path = ReminderAssistant_ver3_0App.swift; sourceTree = "<group>"; };
		98B1372C28F4CAE8000AEA8B /* ContentView.swift */ = {isa = PBXFileReference; lastKnownFileType = sourcecode.swift; path = ContentView.swift; sourceTree = "<group>"; };
		98B1372E28F4CAEA000AEA8B /* Assets.xcassets */ = {isa = PBXFileReference; lastKnownFileType = folder.assetcatalog; path = Assets.xcassets; sourceTree = "<group>"; };
		98B1373128F4CAEA000AEA8B /* Preview Assets.xcassets */ = {isa = PBXFileReference; lastKnownFileType = folder.assetcatalog; path = "Preview Assets.xcassets"; sourceTree = "<group>"; };
		98B1373828F4CB26000AEA8B /* Memo */ = {isa = PBXFileReference; lastKnownFileType = text; path = Memo; sourceTree = "<group>"; };
		98B1373A28F4CB81000AEA8B /* Class_EventStore.swift */ = {isa = PBXFileReference; lastKnownFileType = sourcecode.swift; path = Class_EventStore.swift; sourceTree = "<group>"; };
		98B1373C28F4CB8D000AEA8B /* Class_Regex.swift */ = {isa = PBXFileReference; lastKnownFileType = sourcecode.swift; path = Class_Regex.swift; sourceTree = "<group>"; };
/* End PBXFileReference section */

/* Begin PBXFrameworksBuildPhase section */
		98B1372428F4CAE8000AEA8B /* Frameworks */ = {
			isa = PBXFrameworksBuildPhase;
			buildActionMask = 2147483647;
			files = (
			);
			runOnlyForDeploymentPostprocessing = 0;
		};
/* End PBXFrameworksBuildPhase section */

/* Begin PBXGroup section */
		98B1371E28F4CAE8000AEA8B = {
			isa = PBXGroup;
			children = (
				98B1372928F4CAE8000AEA8B /* ReminderAssistant_ver3.0 */,
				98B1372828F4CAE8000AEA8B /* Products */,
			);
			sourceTree = "<group>";
		};
		98B1372828F4CAE8000AEA8B /* Products */ = {
			isa = PBXGroup;
			children = (
				98B1372728F4CAE8000AEA8B /* ReminderAssistant_ver3.0.app */,
			);
			name = Products;
			sourceTree = "<group>";
		};
		98B1372928F4CAE8000AEA8B /* ReminderAssistant_ver3.0 */ = {
			isa = PBXGroup;
			children = (
				98B1372A28F4CAE8000AEA8B /* ReminderAssistant_ver3_0App.swift */,
				98B1372C28F4CAE8000AEA8B /* ContentView.swift */,
				98B1373A28F4CB81000AEA8B /* Class_EventStore.swift */,
				98B1373C28F4CB8D000AEA8B /* Class_Regex.swift */,
				98B1373828F4CB26000AEA8B /* Memo */,
				98B1372E28F4CAEA000AEA8B /* Assets.xcassets */,
				98B1373028F4CAEA000AEA8B /* Preview Content */,
			);
			path = ReminderAssistant_ver3.0;
			sourceTree = "<group>";
		};
		98B1373028F4CAEA000AEA8B /* Preview Content */ = {
			isa = PBXGroup;
			children = (
				98B1373128F4CAEA000AEA8B /* Preview Assets.xcassets */,
			);
			path = "Preview Content";
			sourceTree = "<group>";
		};
/* End PBXGroup section */

/* Begin PBXNativeTarget section */
		98B1372628F4CAE8000AEA8B /* ReminderAssistant_ver3.0 */ = {
			isa = PBXNativeTarget;
			buildConfigurationList = 98B1373528F4CAEA000AEA8B /* Build configuration list for PBXNativeTarget "ReminderAssistant_ver3.0" */;
			buildPhases = (
				98B1372328F4CAE8000AEA8B /* Sources */,
				98B1372428F4CAE8000AEA8B /* Frameworks */,
				98B1372528F4CAE8000AEA8B /* Resources */,
			);
			buildRules = (
			);
			dependencies = (
			);
			name = ReminderAssistant_ver3.0;
			productName = ReminderAssistant_ver3.0;
			productReference = 98B1372728F4CAE8000AEA8B /* ReminderAssistant_ver3.0.app */;
			productType = "com.apple.product-type.application";
		};
/* End PBXNativeTarget section */

/* Begin PBXProject section */
		98B1371F28F4CAE8000AEA8B /* Project object */ = {
			isa = PBXProject;
			attributes = {
				BuildIndependentTargetsInParallel = 1;
				LastSwiftUpdateCheck = 1400;
				LastUpgradeCheck = 1400;
				TargetAttributes = {
					98B1372628F4CAE8000AEA8B = {
						CreatedOnToolsVersion = 14.0.1;
					};
				};
			};
			buildConfigurationList = 98B1372228F4CAE8000AEA8B /* Build configuration list for PBXProject "ReminderAssistant_ver3.0" */;
			compatibilityVersion = "Xcode 14.0";
			developmentRegion = en;
			hasScannedForEncodings = 0;
			knownRegions = (
				en,
				Base,
			);
			mainGroup = 98B1371E28F4CAE8000AEA8B;
			productRefGroup = 98B1372828F4CAE8000AEA8B /* Products */;
			projectDirPath = "";
			projectRoot = "";
			targets = (
				98B1372628F4CAE8000AEA8B /* ReminderAssistant_ver3.0 */,
			);
		};
/* End PBXProject section */

/* Begin PBXResourcesBuildPhase section */
		98B1372528F4CAE8000AEA8B /* Resources */ = {
			isa = PBXResourcesBuildPhase;
			buildActionMask = 2147483647;
			files = (
				98B1373228F4CAEA000AEA8B /* Preview Assets.xcassets in Resources */,
				98B1373928F4CB26000AEA8B /* Memo in Resources */,
				98B1372F28F4CAEA000AEA8B /* Assets.xcassets in Resources */,
			);
			runOnlyForDeploymentPostprocessing = 0;
		};
/* End PBXResourcesBuildPhase section */

/* Begin PBXSourcesBuildPhase section */
		98B1372328F4CAE8000AEA8B /* Sources */ = {
			isa = PBXSourcesBuildPhase;
			buildActionMask = 2147483647;
			files = (
				98B1373D28F4CB8D000AEA8B /* Class_Regex.swift in Sources */,
				98B1373B28F4CB81000AEA8B /* Class_EventStore.swift in Sources */,
				98B1372D28F4CAE8000AEA8B /* ContentView.swift in Sources */,
				98B1372B28F4CAE8000AEA8B /* ReminderAssistant_ver3_0App.swift in Sources */,
			);
			runOnlyForDeploymentPostprocessing = 0;
		};
/* End PBXSourcesBuildPhase section */

/* Begin XCBuildConfiguration section */
		98B1373328F4CAEA000AEA8B /* Debug */ = {
			isa = XCBuildConfiguration;
			buildSettings = {
				ALWAYS_SEARCH_USER_PATHS = NO;
				CLANG_ANALYZER_NONNULL = YES;
				CLANG_ANALYZER_NUMBER_OBJECT_CONVERSION = YES_AGGRESSIVE;
				CLANG_CXX_LANGUAGE_STANDARD = "gnu++20";
				CLANG_ENABLE_MODULES = YES;
				CLANG_ENABLE_OBJC_ARC = YES;
				CLANG_ENABLE_OBJC_WEAK = YES;
				CLANG_WARN_BLOCK_CAPTURE_AUTORELEASING = YES;
				CLANG_WARN_BOOL_CONVERSION = YES;
				CLANG_WARN_COMMA = YES;
				CLANG_WARN_CONSTANT_CONVERSION = YES;
				CLANG_WARN_DEPRECATED_OBJC_IMPLEMENTATIONS = YES;
				CLANG_WARN_DIRECT_OBJC_ISA_USAGE = YES_ERROR;
				CLANG_WARN_DOCUMENTATION_COMMENTS = YES;
				CLANG_WARN_EMPTY_BODY = YES;
				CLANG_WARN_ENUM_CONVERSION = YES;
				CLANG_WARN_INFINITE_RECURSION = YES;
				CLANG_WARN_INT_CONVERSION = YES;
				CLANG_WARN_NON_LITERAL_NULL_CONVERSION = YES;
				CLANG_WARN_OBJC_IMPLICIT_RETAIN_SELF = YES;
				CLANG_WARN_OBJC_LITERAL_CONVERSION = YES;
				CLANG_WARN_OBJC_ROOT_CLASS = YES_ERROR;
				CLANG_WARN_QUOTED_INCLUDE_IN_FRAMEWORK_HEADER = YES;
				CLANG_WARN_RANGE_LOOP_ANALYSIS = YES;
				CLANG_WARN_STRICT_PROTOTYPES = YES;
				CLANG_WARN_SUSPICIOUS_MOVE = YES;
				CLANG_WARN_UNGUARDED_AVAILABILITY = YES_AGGRESSIVE;
				CLANG_WARN_UNREACHABLE_CODE = YES;
				CLANG_WARN__DUPLICATE_METHOD_MATCH = YES;
				COPY_PHASE_STRIP = NO;
				DEBUG_INFORMATION_FORMAT = dwarf;
				ENABLE_STRICT_OBJC_MSGSEND = YES;
				ENABLE_TESTABILITY = YES;
				GCC_C_LANGUAGE_STANDARD = gnu11;
				GCC_DYNAMIC_NO_PIC = NO;
				GCC_NO_COMMON_BLOCKS = YES;
				GCC_OPTIMIZATION_LEVEL = 0;
				GCC_PREPROCESSOR_DEFINITIONS = (
					"DEBUG=1",
					"$(inherited)",
				);
				GCC_WARN_64_TO_32_BIT_CONVERSION = YES;
				GCC_WARN_ABOUT_RETURN_TYPE = YES_ERROR;
				GCC_WARN_UNDECLARED_SELECTOR = YES;
				GCC_WARN_UNINITIALIZED_AUTOS = YES_AGGRESSIVE;
				GCC_WARN_UNUSED_FUNCTION = YES;
				GCC_WARN_UNUSED_VARIABLE = YES;
				IPHONEOS_DEPLOYMENT_TARGET = 16.0;
				MTL_ENABLE_DEBUG_INFO = INCLUDE_SOURCE;
				MTL_FAST_MATH = YES;
				ONLY_ACTIVE_ARCH = YES;
				SDKROOT = iphoneos;
				SWIFT_ACTIVE_COMPILATION_CONDITIONS = DEBUG;
				SWIFT_OPTIMIZATION_LEVEL = "-Onone";
			};
			name = Debug;
		};
		98B1373428F4CAEA000AEA8B /* Release */ = {
			isa = XCBuildConfiguration;
			buildSettings = {
				ALWAYS_SEARCH_USER_PATHS = NO;
				CLANG_ANALYZER_NONNULL = YES;
				CLANG_ANALYZER_NUMBER_OBJECT_CONVERSION = YES_AGGRESSIVE;
				CLANG_CXX_LANGUAGE_STANDARD = "gnu++20";
				CLANG_ENABLE_MODULES = YES;
				CLANG_ENABLE_OBJC_ARC = YES;
				CLANG_ENABLE_OBJC_WEAK = YES;
				CLANG_WARN_BLOCK_CAPTURE_AUTORELEASING = YES;
				CLANG_WARN_BOOL_CONVERSION = YES;
				CLANG_WARN_COMMA = YES;
				CLANG_WARN_CONSTANT_CONVERSION = YES;
				CLANG_WARN_DEPRECATED_OBJC_IMPLEMENTATIONS = YES;
				CLANG_WARN_DIRECT_OBJC_ISA_USAGE = YES_ERROR;
				CLANG_WARN_DOCUMENTATION_COMMENTS = YES;
				CLANG_WARN_EMPTY_BODY = YES;
				CLANG_WARN_ENUM_CONVERSION = YES;
				CLANG_WARN_INFINITE_RECURSION = YES;
				CLANG_WARN_INT_CONVERSION = YES;
				CLANG_WARN_NON_LITERAL_NULL_CONVERSION = YES;
				CLANG_WARN_OBJC_IMPLICIT_RETAIN_SELF = YES;
				CLANG_WARN_OBJC_LITERAL_CONVERSION = YES;
				CLANG_WARN_OBJC_ROOT_CLASS = YES_ERROR;
				CLANG_WARN_QUOTED_INCLUDE_IN_FRAMEWORK_HEADER = YES;
				CLANG_WARN_RANGE_LOOP_ANALYSIS = YES;
				CLANG_WARN_STRICT_PROTOTYPES = YES;
				CLANG_WARN_SUSPICIOUS_MOVE = YES;
				CLANG_WARN_UNGUARDED_AVAILABILITY = YES_AGGRESSIVE;
				CLANG_WARN_UNREACHABLE_CODE = YES;
				CLANG_WARN__DUPLICATE_METHOD_MATCH = YES;
				COPY_PHASE_STRIP = NO;
				DEBUG_INFORMATION_FORMAT = "dwarf-with-dsym";
				ENABLE_NS_ASSERTIONS = NO;
				ENABLE_STRICT_OBJC_MSGSEND = YES;
				GCC_C_LANGUAGE_STANDARD = gnu11;
				GCC_NO_COMMON_BLOCKS = YES;
				GCC_WARN_64_TO_32_BIT_CONVERSION = YES;
				GCC_WARN_ABOUT_RETURN_TYPE = YES_ERROR;
				GCC_WARN_UNDECLARED_SELECTOR = YES;
				GCC_WARN_UNINITIALIZED_AUTOS = YES_AGGRESSIVE;
				GCC_WARN_UNUSED_FUNCTION = YES;
				GCC_WARN_UNUSED_VARIABLE = YES;
				IPHONEOS_DEPLOYMENT_TARGET = 16.0;
				MTL_ENABLE_DEBUG_INFO = NO;
				MTL_FAST_MATH = YES;
				SDKROOT = iphoneos;
				SWIFT_COMPILATION_MODE = wholemodule;
				SWIFT_OPTIMIZATION_LEVEL = "-O";
				VALIDATE_PRODUCT = YES;
			};
			name = Release;
		};
		98B1373628F4CAEA000AEA8B /* Debug */ = {
			isa = XCBuildConfiguration;
			buildSettings = {
				ASSETCATALOG_COMPILER_APPICON_NAME = AppIcon;
				ASSETCATALOG_COMPILER_GLOBAL_ACCENT_COLOR_NAME = AccentColor;
				CODE_SIGN_STYLE = Automatic;
				CURRENT_PROJECT_VERSION = 1;
				DEVELOPMENT_ASSET_PATHS = "\"ReminderAssistant_ver3.0/Preview Content\"";
				DEVELOPMENT_TEAM = QJC45QJ28B;
				ENABLE_PREVIEWS = YES;
				GENERATE_INFOPLIST_FILE = YES;
				INFOPLIST_KEY_NSRemindersUsageDescription = "リマインダーを作成するために、リマインダーアプリへのアクセス許可をお願いします。";
				INFOPLIST_KEY_UIApplicationSceneManifest_Generation = YES;
				INFOPLIST_KEY_UIApplicationSupportsIndirectInputEvents = YES;
				INFOPLIST_KEY_UILaunchScreen_Generation = YES;
				INFOPLIST_KEY_UISupportedInterfaceOrientations_iPad = "UIInterfaceOrientationPortrait UIInterfaceOrientationPortraitUpsideDown UIInterfaceOrientationLandscapeLeft UIInterfaceOrientationLandscapeRight";
				INFOPLIST_KEY_UISupportedInterfaceOrientations_iPhone = "UIInterfaceOrientationPortrait UIInterfaceOrientationLandscapeLeft UIInterfaceOrientationLandscapeRight";
				INFOPLIST_KEY_UIUserInterfaceStyle = Light;
				LD_RUNPATH_SEARCH_PATHS = (
					"$(inherited)",
					"@executable_path/Frameworks",
				);
				MARKETING_VERSION = 1.0;
				PRODUCT_BUNDLE_IDENTIFIER = "com.masaki.ReminderAssistant-ver3-0";
				PRODUCT_NAME = "$(TARGET_NAME)";
				SWIFT_EMIT_LOC_STRINGS = YES;
				SWIFT_VERSION = 5.0;
				TARGETED_DEVICE_FAMILY = "1,2";
			};
			name = Debug;
		};
		98B1373728F4CAEA000AEA8B /* Release */ = {
			isa = XCBuildConfiguration;
			buildSettings = {
				ASSETCATALOG_COMPILER_APPICON_NAME = AppIcon;
				ASSETCATALOG_COMPILER_GLOBAL_ACCENT_COLOR_NAME = AccentColor;
				CODE_SIGN_STYLE = Automatic;
				CURRENT_PROJECT_VERSION = 1;
				DEVELOPMENT_ASSET_PATHS = "\"ReminderAssistant_ver3.0/Preview Content\"";
				DEVELOPMENT_TEAM = QJC45QJ28B;
				ENABLE_PREVIEWS = YES;
				GENERATE_INFOPLIST_FILE = YES;
				INFOPLIST_KEY_NSRemindersUsageDescription = "リマインダーを作成するために、リマインダーアプリへのアクセス許可をお願いします。";
				INFOPLIST_KEY_UIApplicationSceneManifest_Generation = YES;
				INFOPLIST_KEY_UIApplicationSupportsIndirectInputEvents = YES;
				INFOPLIST_KEY_UILaunchScreen_Generation = YES;
				INFOPLIST_KEY_UISupportedInterfaceOrientations_iPad = "UIInterfaceOrientationPortrait UIInterfaceOrientationPortraitUpsideDown UIInterfaceOrientationLandscapeLeft UIInterfaceOrientationLandscapeRight";
				INFOPLIST_KEY_UISupportedInterfaceOrientations_iPhone = "UIInterfaceOrientationPortrait UIInterfaceOrientationLandscapeLeft UIInterfaceOrientationLandscapeRight";
				INFOPLIST_KEY_UIUserInterfaceStyle = Light;
				LD_RUNPATH_SEARCH_PATHS = (
					"$(inherited)",
					"@executable_path/Frameworks",
				);
				MARKETING_VERSION = 1.0;
				PRODUCT_BUNDLE_IDENTIFIER = "com.masaki.ReminderAssistant-ver3-0";
				PRODUCT_NAME = "$(TARGET_NAME)";
				SWIFT_EMIT_LOC_STRINGS = YES;
				SWIFT_VERSION = 5.0;
				TARGETED_DEVICE_FAMILY = "1,2";
			};
			name = Release;
		};
/* End XCBuildConfiguration section */

/* Begin XCConfigurationList section */
		98B1372228F4CAE8000AEA8B /* Build configuration list for PBXProject "ReminderAssistant_ver3.0" */ = {
			isa = XCConfigurationList;
			buildConfigurations = (
				98B1373328F4CAEA000AEA8B /* Debug */,
				98B1373428F4CAEA000AEA8B /* Release */,
			);
			defaultConfigurationIsVisible = 0;
			defaultConfigurationName = Release;
		};
		98B1373528F4CAEA000AEA8B /* Build configuration list for PBXNativeTarget "ReminderAssistant_ver3.0" */ = {
			isa = XCConfigurationList;
			buildConfigurations = (
				98B1373628F4CAEA000AEA8B /* Debug */,
				98B1373728F4CAEA000AEA8B /* Release */,
			);
			defaultConfigurationIsVisible = 0;
			defaultConfigurationName = Release;
		};
/* End XCConfigurationList section */
	};
	rootObject = 98B1371F28F4CAE8000AEA8B /* Project object */;
}
